// !$*UTF8*$!
{
	archiveVersion = 1;
	classes = {
	};
	objectVersion = 51;
	objects = {

/* Begin PBXBuildFile section */
		28353AAC236CAD640046EE62 /* AppDelegate.swift in Sources */ = {isa = PBXBuildFile; fileRef = 28353AAB236CAD640046EE62 /* AppDelegate.swift */; };
		28353AAE236CAD640046EE62 /* SceneDelegate.swift in Sources */ = {isa = PBXBuildFile; fileRef = 28353AAD236CAD640046EE62 /* SceneDelegate.swift */; };
		28353AB0236CAD640046EE62 /* LogInVC.swift in Sources */ = {isa = PBXBuildFile; fileRef = 28353AAF236CAD640046EE62 /* LogInVC.swift */; };
		28353AB5236CAD680046EE62 /* Assets.xcassets in Resources */ = {isa = PBXBuildFile; fileRef = 28353AB4236CAD680046EE62 /* Assets.xcassets */; };
		28353AB8236CAD680046EE62 /* LaunchScreen.storyboard in Resources */ = {isa = PBXBuildFile; fileRef = 28353AB6236CAD680046EE62 /* LaunchScreen.storyboard */; };
		28353AC3236CAD680046EE62 /* Que_DiceTests.swift in Sources */ = {isa = PBXBuildFile; fileRef = 28353AC2236CAD680046EE62 /* Que_DiceTests.swift */; };
		28367F0E236FA79F00B1568D /* String Extension.swift in Sources */ = {isa = PBXBuildFile; fileRef = 28367F0D236FA79F00B1568D /* String Extension.swift */; };
		289543ED2379F877002B8AB9 /* signUpVCViewController.swift in Sources */ = {isa = PBXBuildFile; fileRef = 289543EC2379F877002B8AB9 /* signUpVCViewController.swift */; };
		289DADE0237788E300922F50 /* GoogleService-Info.plist in Resources */ = {isa = PBXBuildFile; fileRef = 289DADDF237788E300922F50 /* GoogleService-Info.plist */; };
		289DADEA2377BB9B00922F50 /* GoogleService-Info.plist in Resources */ = {isa = PBXBuildFile; fileRef = 289DADDF237788E300922F50 /* GoogleService-Info.plist */; };
		289DADEE2377DB6500922F50 /* UIUtilities.swift in Sources */ = {isa = PBXBuildFile; fileRef = 289DADED2377DB6500922F50 /* UIUtilities.swift */; };
		289DAE0923787DBF00922F50 /* CameraViewController.swift in Sources */ = {isa = PBXBuildFile; fileRef = 289DAE0823787DBF00922F50 /* CameraViewController.swift */; };
		28FD6358238B1B66006312F7 /* myQueue.swift in Sources */ = {isa = PBXBuildFile; fileRef = 28FD6357238B1B66006312F7 /* myQueue.swift */; };
		7AC6117FABAA8E6A11C62A52 /* Pods_Que_DiceTests.framework in Frameworks */ = {isa = PBXBuildFile; fileRef = 3A2F3A6C084B2B8BBDCEC655 /* Pods_Que_DiceTests.framework */; };
		C488C9080F1D167E3E945D3E /* Pods_Que_Dice.framework in Frameworks */ = {isa = PBXBuildFile; fileRef = EFF693535D7C8CED552F7DF2 /* Pods_Que_Dice.framework */; };
/* End PBXBuildFile section */

/* Begin PBXContainerItemProxy section */
		28353ABF236CAD680046EE62 /* PBXContainerItemProxy */ = {
			isa = PBXContainerItemProxy;
			containerPortal = 28353AA0236CAD640046EE62 /* Project object */;
			proxyType = 1;
			remoteGlobalIDString = 28353AA7236CAD640046EE62;
			remoteInfo = "Que Dice";
		};
/* End PBXContainerItemProxy section */

/* Begin PBXFileReference section */
		28353AA8236CAD640046EE62 /* Que Dice.app */ = {isa = PBXFileReference; explicitFileType = wrapper.application; includeInIndex = 0; path = "Que Dice.app"; sourceTree = BUILT_PRODUCTS_DIR; };
		28353AAB236CAD640046EE62 /* AppDelegate.swift */ = {isa = PBXFileReference; lastKnownFileType = sourcecode.swift; path = AppDelegate.swift; sourceTree = "<group>"; };
		28353AAD236CAD640046EE62 /* SceneDelegate.swift */ = {isa = PBXFileReference; lastKnownFileType = sourcecode.swift; path = SceneDelegate.swift; sourceTree = "<group>"; };
		28353AAF236CAD640046EE62 /* LogInVC.swift */ = {isa = PBXFileReference; lastKnownFileType = sourcecode.swift; path = LogInVC.swift; sourceTree = "<group>"; };
		28353AB4236CAD680046EE62 /* Assets.xcassets */ = {isa = PBXFileReference; lastKnownFileType = folder.assetcatalog; path = Assets.xcassets; sourceTree = "<group>"; };
		28353AB7236CAD680046EE62 /* Base */ = {isa = PBXFileReference; lastKnownFileType = file.storyboard; name = Base; path = Base.lproj/LaunchScreen.storyboard; sourceTree = "<group>"; };
		28353AB9236CAD680046EE62 /* Info.plist */ = {isa = PBXFileReference; lastKnownFileType = text.plist.xml; path = Info.plist; sourceTree = "<group>"; };
		28353ABE236CAD680046EE62 /* Que DiceTests.xctest */ = {isa = PBXFileReference; explicitFileType = wrapper.cfbundle; includeInIndex = 0; path = "Que DiceTests.xctest"; sourceTree = BUILT_PRODUCTS_DIR; };
		28353AC2236CAD680046EE62 /* Que_DiceTests.swift */ = {isa = PBXFileReference; lastKnownFileType = sourcecode.swift; path = Que_DiceTests.swift; sourceTree = "<group>"; };
		28353AC4236CAD680046EE62 /* Info.plist */ = {isa = PBXFileReference; lastKnownFileType = text.plist.xml; path = Info.plist; sourceTree = "<group>"; };
		28367F0D236FA79F00B1568D /* String Extension.swift */ = {isa = PBXFileReference; lastKnownFileType = sourcecode.swift; path = "String Extension.swift"; sourceTree = "<group>"; };
		289543EC2379F877002B8AB9 /* signUpVCViewController.swift */ = {isa = PBXFileReference; lastKnownFileType = sourcecode.swift; path = signUpVCViewController.swift; sourceTree = "<group>"; };
		289DADDF237788E300922F50 /* GoogleService-Info.plist */ = {isa = PBXFileReference; fileEncoding = 4; lastKnownFileType = text.plist.xml; name = "GoogleService-Info.plist"; path = "../../../Downloads/GoogleService-Info.plist"; sourceTree = "<group>"; };
		289DADED2377DB6500922F50 /* UIUtilities.swift */ = {isa = PBXFileReference; lastKnownFileType = sourcecode.swift; path = UIUtilities.swift; sourceTree = "<group>"; };
		289DAE0823787DBF00922F50 /* CameraViewController.swift */ = {isa = PBXFileReference; lastKnownFileType = sourcecode.swift; path = CameraViewController.swift; sourceTree = "<group>"; };
		28FD6357238B1B66006312F7 /* myQueue.swift */ = {isa = PBXFileReference; lastKnownFileType = sourcecode.swift; path = myQueue.swift; sourceTree = "<group>"; };
		3A2F3A6C084B2B8BBDCEC655 /* Pods_Que_DiceTests.framework */ = {isa = PBXFileReference; explicitFileType = wrapper.framework; includeInIndex = 0; path = Pods_Que_DiceTests.framework; sourceTree = BUILT_PRODUCTS_DIR; };
		57E9C68D7E809AB59F6FEE4F /* Pods-Que Dice.release.xcconfig */ = {isa = PBXFileReference; includeInIndex = 1; lastKnownFileType = text.xcconfig; name = "Pods-Que Dice.release.xcconfig"; path = "Target Support Files/Pods-Que Dice/Pods-Que Dice.release.xcconfig"; sourceTree = "<group>"; };
		610D67F2CC89AFBEE7F2526A /* Pods-Que DiceTests.release.xcconfig */ = {isa = PBXFileReference; includeInIndex = 1; lastKnownFileType = text.xcconfig; name = "Pods-Que DiceTests.release.xcconfig"; path = "Target Support Files/Pods-Que DiceTests/Pods-Que DiceTests.release.xcconfig"; sourceTree = "<group>"; };
		67655A79DECF5EA7C6C7269F /* Pods-Que DiceTests.debug.xcconfig */ = {isa = PBXFileReference; includeInIndex = 1; lastKnownFileType = text.xcconfig; name = "Pods-Que DiceTests.debug.xcconfig"; path = "Target Support Files/Pods-Que DiceTests/Pods-Que DiceTests.debug.xcconfig"; sourceTree = "<group>"; };
		A5F319355E5565353F4E617A /* Pods-Que Dice.debug.xcconfig */ = {isa = PBXFileReference; includeInIndex = 1; lastKnownFileType = text.xcconfig; name = "Pods-Que Dice.debug.xcconfig"; path = "Target Support Files/Pods-Que Dice/Pods-Que Dice.debug.xcconfig"; sourceTree = "<group>"; };
		EFF693535D7C8CED552F7DF2 /* Pods_Que_Dice.framework */ = {isa = PBXFileReference; explicitFileType = wrapper.framework; includeInIndex = 0; path = Pods_Que_Dice.framework; sourceTree = BUILT_PRODUCTS_DIR; };
/* End PBXFileReference section */

/* Begin PBXFrameworksBuildPhase section */
		28353AA5236CAD640046EE62 /* Frameworks */ = {
			isa = PBXFrameworksBuildPhase;
			buildActionMask = 2147483647;
			files = (
				C488C9080F1D167E3E945D3E /* Pods_Que_Dice.framework in Frameworks */,
			);
			runOnlyForDeploymentPostprocessing = 0;
		};
		28353ABB236CAD680046EE62 /* Frameworks */ = {
			isa = PBXFrameworksBuildPhase;
			buildActionMask = 2147483647;
			files = (
				7AC6117FABAA8E6A11C62A52 /* Pods_Que_DiceTests.framework in Frameworks */,
			);
			runOnlyForDeploymentPostprocessing = 0;
		};
/* End PBXFrameworksBuildPhase section */

/* Begin PBXGroup section */
		04C6FE4093164854014A58AD /* Pods */ = {
			isa = PBXGroup;
			children = (
				A5F319355E5565353F4E617A /* Pods-Que Dice.debug.xcconfig */,
				57E9C68D7E809AB59F6FEE4F /* Pods-Que Dice.release.xcconfig */,
				67655A79DECF5EA7C6C7269F /* Pods-Que DiceTests.debug.xcconfig */,
				610D67F2CC89AFBEE7F2526A /* Pods-Que DiceTests.release.xcconfig */,
			);
			path = Pods;
			sourceTree = "<group>";
		};
		28353A9F236CAD640046EE62 = {
			isa = PBXGroup;
			children = (
				28353AAA236CAD640046EE62 /* Que Dice */,
				28353AC1236CAD680046EE62 /* Que DiceTests */,
				28353AA9236CAD640046EE62 /* Products */,
				04C6FE4093164854014A58AD /* Pods */,
				DFCE7455D3608098A686C0AC /* Frameworks */,
			);
			sourceTree = "<group>";
		};
		28353AA9236CAD640046EE62 /* Products */ = {
			isa = PBXGroup;
			children = (
				28353AA8236CAD640046EE62 /* Que Dice.app */,
				28353ABE236CAD680046EE62 /* Que DiceTests.xctest */,
			);
			name = Products;
			sourceTree = "<group>";
		};
		28353AAA236CAD640046EE62 /* Que Dice */ = {
			isa = PBXGroup;
			children = (
				28353AAB236CAD640046EE62 /* AppDelegate.swift */,
				28353AAD236CAD640046EE62 /* SceneDelegate.swift */,
				28353AAF236CAD640046EE62 /* LogInVC.swift */,
				289543EC2379F877002B8AB9 /* signUpVCViewController.swift */,
				289DAE0823787DBF00922F50 /* CameraViewController.swift */,
				28FD6357238B1B66006312F7 /* myQueue.swift */,
				28367F0D236FA79F00B1568D /* String Extension.swift */,
				289DADED2377DB6500922F50 /* UIUtilities.swift */,
				28353AB4236CAD680046EE62 /* Assets.xcassets */,
				28353AB6236CAD680046EE62 /* LaunchScreen.storyboard */,
				28353AB9236CAD680046EE62 /* Info.plist */,
				289DADDF237788E300922F50 /* GoogleService-Info.plist */,
			);
			path = "Que Dice";
			sourceTree = "<group>";
		};
		28353AC1236CAD680046EE62 /* Que DiceTests */ = {
			isa = PBXGroup;
			children = (
				28353AC2236CAD680046EE62 /* Que_DiceTests.swift */,
				28353AC4236CAD680046EE62 /* Info.plist */,
			);
			path = "Que DiceTests";
			sourceTree = "<group>";
		};
		DFCE7455D3608098A686C0AC /* Frameworks */ = {
			isa = PBXGroup;
			children = (
				EFF693535D7C8CED552F7DF2 /* Pods_Que_Dice.framework */,
				3A2F3A6C084B2B8BBDCEC655 /* Pods_Que_DiceTests.framework */,
			);
			name = Frameworks;
			sourceTree = "<group>";
		};
/* End PBXGroup section */

/* Begin PBXNativeTarget section */
		28353AA7236CAD640046EE62 /* Que Dice */ = {
			isa = PBXNativeTarget;
			buildConfigurationList = 28353AC7236CAD680046EE62 /* Build configuration list for PBXNativeTarget "Que Dice" */;
			buildPhases = (
				69320F49DD4C115ED777C67A /* [CP] Check Pods Manifest.lock */,
				28353AA4236CAD640046EE62 /* Sources */,
				28353AA5236CAD640046EE62 /* Frameworks */,
				28353AA6236CAD640046EE62 /* Resources */,
				FBA72C53A57DA09E8CEAC70A /* [CP] Embed Pods Frameworks */,
				13097F7CB2BBBA447F1F8E04 /* [CP] Copy Pods Resources */,
			);
			buildRules = (
			);
			dependencies = (
			);
			name = "Que Dice";
			productName = "Que Dice";
			productReference = 28353AA8236CAD640046EE62 /* Que Dice.app */;
			productType = "com.apple.product-type.application";
		};
		28353ABD236CAD680046EE62 /* Que DiceTests */ = {
			isa = PBXNativeTarget;
			buildConfigurationList = 28353ACA236CAD680046EE62 /* Build configuration list for PBXNativeTarget "Que DiceTests" */;
			buildPhases = (
				935B37362BD6162E302952D4 /* [CP] Check Pods Manifest.lock */,
				28353ABA236CAD680046EE62 /* Sources */,
				28353ABB236CAD680046EE62 /* Frameworks */,
				28353ABC236CAD680046EE62 /* Resources */,
			);
			buildRules = (
			);
			dependencies = (
				28353AC0236CAD680046EE62 /* PBXTargetDependency */,
			);
			name = "Que DiceTests";
			productName = "Que DiceTests";
			productReference = 28353ABE236CAD680046EE62 /* Que DiceTests.xctest */;
			productType = "com.apple.product-type.bundle.unit-test";
		};
/* End PBXNativeTarget section */

/* Begin PBXProject section */
		28353AA0236CAD640046EE62 /* Project object */ = {
			isa = PBXProject;
			attributes = {
				LastSwiftUpdateCheck = 1100;
				LastUpgradeCheck = 1100;
				ORGANIZATIONNAME = "Michelle Cueva";
				TargetAttributes = {
					28353AA7236CAD640046EE62 = {
						CreatedOnToolsVersion = 11.0;
					};
					28353ABD236CAD680046EE62 = {
						CreatedOnToolsVersion = 11.0;
						TestTargetID = 28353AA7236CAD640046EE62;
					};
				};
			};
			buildConfigurationList = 28353AA3236CAD640046EE62 /* Build configuration list for PBXProject "Que Dice" */;
			compatibilityVersion = "Xcode 9.3";
			developmentRegion = en;
			hasScannedForEncodings = 0;
			knownRegions = (
				en,
				Base,
			);
			mainGroup = 28353A9F236CAD640046EE62;
			productRefGroup = 28353AA9236CAD640046EE62 /* Products */;
			projectDirPath = "";
			projectRoot = "";
			targets = (
				28353AA7236CAD640046EE62 /* Que Dice */,
				28353ABD236CAD680046EE62 /* Que DiceTests */,
			);
		};
/* End PBXProject section */

/* Begin PBXResourcesBuildPhase section */
		28353AA6236CAD640046EE62 /* Resources */ = {
			isa = PBXResourcesBuildPhase;
			buildActionMask = 2147483647;
			files = (
				28353AB8236CAD680046EE62 /* LaunchScreen.storyboard in Resources */,
				28353AB5236CAD680046EE62 /* Assets.xcassets in Resources */,
				289DADE0237788E300922F50 /* GoogleService-Info.plist in Resources */,
			);
			runOnlyForDeploymentPostprocessing = 0;
		};
		28353ABC236CAD680046EE62 /* Resources */ = {
			isa = PBXResourcesBuildPhase;
			buildActionMask = 2147483647;
			files = (
				289DADEA2377BB9B00922F50 /* GoogleService-Info.plist in Resources */,
			);
			runOnlyForDeploymentPostprocessing = 0;
		};
/* End PBXResourcesBuildPhase section */

/* Begin PBXShellScriptBuildPhase section */
		13097F7CB2BBBA447F1F8E04 /* [CP] Copy Pods Resources */ = {
			isa = PBXShellScriptBuildPhase;
			buildActionMask = 2147483647;
			files = (
			);
			inputFileListPaths = (
				"${PODS_ROOT}/Target Support Files/Pods-Que Dice/Pods-Que Dice-resources-${CONFIGURATION}-input-files.xcfilelist",
			);
			name = "[CP] Copy Pods Resources";
			outputFileListPaths = (
				"${PODS_ROOT}/Target Support Files/Pods-Que Dice/Pods-Que Dice-resources-${CONFIGURATION}-output-files.xcfilelist",
			);
			runOnlyForDeploymentPostprocessing = 0;
			shellPath = /bin/sh;
			shellScript = "\"${PODS_ROOT}/Target Support Files/Pods-Que Dice/Pods-Que Dice-resources.sh\"\n";
			showEnvVarsInLog = 0;
		};
		69320F49DD4C115ED777C67A /* [CP] Check Pods Manifest.lock */ = {
			isa = PBXShellScriptBuildPhase;
			buildActionMask = 2147483647;
			files = (
			);
			inputFileListPaths = (
			);
			inputPaths = (
				"${PODS_PODFILE_DIR_PATH}/Podfile.lock",
				"${PODS_ROOT}/Manifest.lock",
			);
			name = "[CP] Check Pods Manifest.lock";
			outputFileListPaths = (
			);
			outputPaths = (
				"$(DERIVED_FILE_DIR)/Pods-Que Dice-checkManifestLockResult.txt",
			);
			runOnlyForDeploymentPostprocessing = 0;
			shellPath = /bin/sh;
			shellScript = "diff \"${PODS_PODFILE_DIR_PATH}/Podfile.lock\" \"${PODS_ROOT}/Manifest.lock\" > /dev/null\nif [ $? != 0 ] ; then\n    # print error to STDERR\n    echo \"error: The sandbox is not in sync with the Podfile.lock. Run 'pod install' or update your CocoaPods installation.\" >&2\n    exit 1\nfi\n# This output is used by Xcode 'outputs' to avoid re-running this script phase.\necho \"SUCCESS\" > \"${SCRIPT_OUTPUT_FILE_0}\"\n";
			showEnvVarsInLog = 0;
		};
		935B37362BD6162E302952D4 /* [CP] Check Pods Manifest.lock */ = {
			isa = PBXShellScriptBuildPhase;
			buildActionMask = 2147483647;
			files = (
			);
			inputFileListPaths = (
			);
			inputPaths = (
				"${PODS_PODFILE_DIR_PATH}/Podfile.lock",
				"${PODS_ROOT}/Manifest.lock",
			);
			name = "[CP] Check Pods Manifest.lock";
			outputFileListPaths = (
			);
			outputPaths = (
				"$(DERIVED_FILE_DIR)/Pods-Que DiceTests-checkManifestLockResult.txt",
			);
			runOnlyForDeploymentPostprocessing = 0;
			shellPath = /bin/sh;
			shellScript = "diff \"${PODS_PODFILE_DIR_PATH}/Podfile.lock\" \"${PODS_ROOT}/Manifest.lock\" > /dev/null\nif [ $? != 0 ] ; then\n    # print error to STDERR\n    echo \"error: The sandbox is not in sync with the Podfile.lock. Run 'pod install' or update your CocoaPods installation.\" >&2\n    exit 1\nfi\n# This output is used by Xcode 'outputs' to avoid re-running this script phase.\necho \"SUCCESS\" > \"${SCRIPT_OUTPUT_FILE_0}\"\n";
			showEnvVarsInLog = 0;
		};
		FBA72C53A57DA09E8CEAC70A /* [CP] Embed Pods Frameworks */ = {
			isa = PBXShellScriptBuildPhase;
			buildActionMask = 2147483647;
			files = (
			);
			inputFileListPaths = (
				"${PODS_ROOT}/Target Support Files/Pods-Que Dice/Pods-Que Dice-frameworks-${CONFIGURATION}-input-files.xcfilelist",
			);
			name = "[CP] Embed Pods Frameworks";
			outputFileListPaths = (
				"${PODS_ROOT}/Target Support Files/Pods-Que Dice/Pods-Que Dice-frameworks-${CONFIGURATION}-output-files.xcfilelist",
			);
			runOnlyForDeploymentPostprocessing = 0;
			shellPath = /bin/sh;
			shellScript = "\"${PODS_ROOT}/Target Support Files/Pods-Que Dice/Pods-Que Dice-frameworks.sh\"\n";
			showEnvVarsInLog = 0;
		};
/* End PBXShellScriptBuildPhase section */

/* Begin PBXSourcesBuildPhase section */
		28353AA4236CAD640046EE62 /* Sources */ = {
			isa = PBXSourcesBuildPhase;
			buildActionMask = 2147483647;
			files = (
				28353AB0236CAD640046EE62 /* LogInVC.swift in Sources */,
				289DAE0923787DBF00922F50 /* CameraViewController.swift in Sources */,
				28367F0E236FA79F00B1568D /* String Extension.swift in Sources */,
				28FD6358238B1B66006312F7 /* myQueue.swift in Sources */,
				28353AAC236CAD640046EE62 /* AppDelegate.swift in Sources */,
				289543ED2379F877002B8AB9 /* signUpVCViewController.swift in Sources */,
				28353AAE236CAD640046EE62 /* SceneDelegate.swift in Sources */,
				289DADEE2377DB6500922F50 /* UIUtilities.swift in Sources */,
			);
			runOnlyForDeploymentPostprocessing = 0;
		};
		28353ABA236CAD680046EE62 /* Sources */ = {
			isa = PBXSourcesBuildPhase;
			buildActionMask = 2147483647;
			files = (
				28353AC3236CAD680046EE62 /* Que_DiceTests.swift in Sources */,
			);
			runOnlyForDeploymentPostprocessing = 0;
		};
/* End PBXSourcesBuildPhase section */

/* Begin PBXTargetDependency section */
		28353AC0236CAD680046EE62 /* PBXTargetDependency */ = {
			isa = PBXTargetDependency;
			target = 28353AA7236CAD640046EE62 /* Que Dice */;
			targetProxy = 28353ABF236CAD680046EE62 /* PBXContainerItemProxy */;
		};
/* End PBXTargetDependency section */

/* Begin PBXVariantGroup section */
		28353AB6236CAD680046EE62 /* LaunchScreen.storyboard */ = {
			isa = PBXVariantGroup;
			children = (
				28353AB7236CAD680046EE62 /* Base */,
			);
			name = LaunchScreen.storyboard;
			sourceTree = "<group>";
		};
/* End PBXVariantGroup section */

/* Begin XCBuildConfiguration section */
		28353AC5236CAD680046EE62 /* Debug */ = {
			isa = XCBuildConfiguration;
			buildSettings = {
				ALWAYS_SEARCH_USER_PATHS = NO;
				CLANG_ANALYZER_NONNULL = YES;
				CLANG_ANALYZER_NUMBER_OBJECT_CONVERSION = YES_AGGRESSIVE;
				CLANG_CXX_LANGUAGE_STANDARD = "gnu++14";
				CLANG_CXX_LIBRARY = "libc++";
				CLANG_ENABLE_MODULES = YES;
				CLANG_ENABLE_OBJC_ARC = YES;
				CLANG_ENABLE_OBJC_WEAK = YES;
				CLANG_WARN_BLOCK_CAPTURE_AUTORELEASING = YES;
				CLANG_WARN_BOOL_CONVERSION = YES;
				CLANG_WARN_COMMA = YES;
				CLANG_WARN_CONSTANT_CONVERSION = YES;
				CLANG_WARN_DEPRECATED_OBJC_IMPLEMENTATIONS = YES;
				CLANG_WARN_DIRECT_OBJC_ISA_USAGE = YES_ERROR;
				CLANG_WARN_DOCUMENTATION_COMMENTS = YES;
				CLANG_WARN_EMPTY_BODY = YES;
				CLANG_WARN_ENUM_CONVERSION = YES;
				CLANG_WARN_INFINITE_RECURSION = YES;
				CLANG_WARN_INT_CONVERSION = YES;
				CLANG_WARN_NON_LITERAL_NULL_CONVERSION = YES;
				CLANG_WARN_OBJC_IMPLICIT_RETAIN_SELF = YES;
				CLANG_WARN_OBJC_LITERAL_CONVERSION = YES;
				CLANG_WARN_OBJC_ROOT_CLASS = YES_ERROR;
				CLANG_WARN_RANGE_LOOP_ANALYSIS = YES;
				CLANG_WARN_STRICT_PROTOTYPES = YES;
				CLANG_WARN_SUSPICIOUS_MOVE = YES;
				CLANG_WARN_UNGUARDED_AVAILABILITY = YES_AGGRESSIVE;
				CLANG_WARN_UNREACHABLE_CODE = YES;
				CLANG_WARN__DUPLICATE_METHOD_MATCH = YES;
				COPY_PHASE_STRIP = NO;
				DEBUG_INFORMATION_FORMAT = dwarf;
				ENABLE_STRICT_OBJC_MSGSEND = YES;
				ENABLE_TESTABILITY = YES;
				GCC_C_LANGUAGE_STANDARD = gnu11;
				GCC_DYNAMIC_NO_PIC = NO;
				GCC_NO_COMMON_BLOCKS = YES;
				GCC_OPTIMIZATION_LEVEL = 0;
				GCC_PREPROCESSOR_DEFINITIONS = (
					"DEBUG=1",
					"$(inherited)",
				);
				GCC_WARN_64_TO_32_BIT_CONVERSION = YES;
				GCC_WARN_ABOUT_RETURN_TYPE = YES_ERROR;
				GCC_WARN_UNDECLARED_SELECTOR = YES;
				GCC_WARN_UNINITIALIZED_AUTOS = YES_AGGRESSIVE;
				GCC_WARN_UNUSED_FUNCTION = YES;
				GCC_WARN_UNUSED_VARIABLE = YES;
				IPHONEOS_DEPLOYMENT_TARGET = 13.0;
				MTL_ENABLE_DEBUG_INFO = INCLUDE_SOURCE;
				MTL_FAST_MATH = YES;
				ONLY_ACTIVE_ARCH = YES;
				SDKROOT = iphoneos;
				SWIFT_ACTIVE_COMPILATION_CONDITIONS = DEBUG;
				SWIFT_OPTIMIZATION_LEVEL = "-Onone";
			};
			name = Debug;
		};
		28353AC6236CAD680046EE62 /* Release */ = {
			isa = XCBuildConfiguration;
			buildSettings = {
				ALWAYS_SEARCH_USER_PATHS = NO;
				CLANG_ANALYZER_NONNULL = YES;
				CLANG_ANALYZER_NUMBER_OBJECT_CONVERSION = YES_AGGRESSIVE;
				CLANG_CXX_LANGUAGE_STANDARD = "gnu++14";
				CLANG_CXX_LIBRARY = "libc++";
				CLANG_ENABLE_MODULES = YES;
				CLANG_ENABLE_OBJC_ARC = YES;
				CLANG_ENABLE_OBJC_WEAK = YES;
				CLANG_WARN_BLOCK_CAPTURE_AUTORELEASING = YES;
				CLANG_WARN_BOOL_CONVERSION = YES;
				CLANG_WARN_COMMA = YES;
				CLANG_WARN_CONSTANT_CONVERSION = YES;
				CLANG_WARN_DEPRECATED_OBJC_IMPLEMENTATIONS = YES;
				CLANG_WARN_DIRECT_OBJC_ISA_USAGE = YES_ERROR;
				CLANG_WARN_DOCUMENTATION_COMMENTS = YES;
				CLANG_WARN_EMPTY_BODY = YES;
				CLANG_WARN_ENUM_CONVERSION = YES;
				CLANG_WARN_INFINITE_RECURSION = YES;
				CLANG_WARN_INT_CONVERSION = YES;
				CLANG_WARN_NON_LITERAL_NULL_CONVERSION = YES;
				CLANG_WARN_OBJC_IMPLICIT_RETAIN_SELF = YES;
				CLANG_WARN_OBJC_LITERAL_CONVERSION = YES;
				CLANG_WARN_OBJC_ROOT_CLASS = YES_ERROR;
				CLANG_WARN_RANGE_LOOP_ANALYSIS = YES;
				CLANG_WARN_STRICT_PROTOTYPES = YES;
				CLANG_WARN_SUSPICIOUS_MOVE = YES;
				CLANG_WARN_UNGUARDED_AVAILABILITY = YES_AGGRESSIVE;
				CLANG_WARN_UNREACHABLE_CODE = YES;
				CLANG_WARN__DUPLICATE_METHOD_MATCH = YES;
				COPY_PHASE_STRIP = NO;
				DEBUG_INFORMATION_FORMAT = "dwarf-with-dsym";
				ENABLE_NS_ASSERTIONS = NO;
				ENABLE_STRICT_OBJC_MSGSEND = YES;
				GCC_C_LANGUAGE_STANDARD = gnu11;
				GCC_NO_COMMON_BLOCKS = YES;
				GCC_WARN_64_TO_32_BIT_CONVERSION = YES;
				GCC_WARN_ABOUT_RETURN_TYPE = YES_ERROR;
				GCC_WARN_UNDECLARED_SELECTOR = YES;
				GCC_WARN_UNINITIALIZED_AUTOS = YES_AGGRESSIVE;
				GCC_WARN_UNUSED_FUNCTION = YES;
				GCC_WARN_UNUSED_VARIABLE = YES;
				IPHONEOS_DEPLOYMENT_TARGET = 13.0;
				MTL_ENABLE_DEBUG_INFO = NO;
				MTL_FAST_MATH = YES;
				SDKROOT = iphoneos;
				SWIFT_COMPILATION_MODE = wholemodule;
				SWIFT_OPTIMIZATION_LEVEL = "-O";
				VALIDATE_PRODUCT = YES;
			};
			name = Release;
		};
		28353AC8236CAD680046EE62 /* Debug */ = {
			isa = XCBuildConfiguration;
			baseConfigurationReference = A5F319355E5565353F4E617A /* Pods-Que Dice.debug.xcconfig */;
			buildSettings = {
				ASSETCATALOG_COMPILER_APPICON_NAME = AppIcon;
				CODE_SIGN_STYLE = Automatic;
				DEVELOPMENT_TEAM = RLQLZ26TC4;
				INFOPLIST_FILE = "Que Dice/Info.plist";
				LD_RUNPATH_SEARCH_PATHS = (
					"$(inherited)",
					"@executable_path/Frameworks",
				);
				PRODUCT_BUNDLE_IDENTIFIER = "Michelle.Que-Dice";
				PRODUCT_NAME = "$(TARGET_NAME)";
				SWIFT_VERSION = 5.0;
				TARGETED_DEVICE_FAMILY = "1,2";
			};
			name = Debug;
		};
		28353AC9236CAD680046EE62 /* Release */ = {
			isa = XCBuildConfiguration;
			baseConfigurationReference = 57E9C68D7E809AB59F6FEE4F /* Pods-Que Dice.release.xcconfig */;
			buildSettings = {
				ASSETCATALOG_COMPILER_APPICON_NAME = AppIcon;
				CODE_SIGN_STYLE = Automatic;
				DEVELOPMENT_TEAM = RLQLZ26TC4;
				INFOPLIST_FILE = "Que Dice/Info.plist";
				LD_RUNPATH_SEARCH_PATHS = (
					"$(inherited)",
					"@executable_path/Frameworks",
				);
				PRODUCT_BUNDLE_IDENTIFIER = "Michelle.Que-Dice";
				PRODUCT_NAME = "$(TARGET_NAME)";
				SWIFT_VERSION = 5.0;
				TARGETED_DEVICE_FAMILY = "1,2";
			};
			name = Release;
		};
		28353ACB236CAD680046EE62 /* Debug */ = {
			isa = XCBuildConfiguration;
			baseConfigurationReference = 67655A79DECF5EA7C6C7269F /* Pods-Que DiceTests.debug.xcconfig */;
			buildSettings = {
				ALWAYS_EMBED_SWIFT_STANDARD_LIBRARIES = YES;
				BUNDLE_LOADER = "$(TEST_HOST)";
				CODE_SIGN_STYLE = Automatic;
				INFOPLIST_FILE = "Que DiceTests/Info.plist";
				IPHONEOS_DEPLOYMENT_TARGET = 13.0;
				LD_RUNPATH_SEARCH_PATHS = (
					"$(inherited)",
					"@executable_path/Frameworks",
					"@loader_path/Frameworks",
				);
				PRODUCT_BUNDLE_IDENTIFIER = "Michelle.Que-DiceTests";
				PRODUCT_NAME = "$(TARGET_NAME)";
				SWIFT_VERSION = 5.0;
				TARGETED_DEVICE_FAMILY = "1,2";
				TEST_HOST = "$(BUILT_PRODUCTS_DIR)/Que Dice.app/Que Dice";
			};
			name = Debug;
		};
		28353ACC236CAD680046EE62 /* Release */ = {
			isa = XCBuildConfiguration;
			baseConfigurationReference = 610D67F2CC89AFBEE7F2526A /* Pods-Que DiceTests.release.xcconfig */;
			buildSettings = {
				ALWAYS_EMBED_SWIFT_STANDARD_LIBRARIES = YES;
				BUNDLE_LOADER = "$(TEST_HOST)";
				CODE_SIGN_STYLE = Automatic;
				INFOPLIST_FILE = "Que DiceTests/Info.plist";
				IPHONEOS_DEPLOYMENT_TARGET = 13.0;
				LD_RUNPATH_SEARCH_PATHS = (
					"$(inherited)",
					"@executable_path/Frameworks",
					"@loader_path/Frameworks",
				);
				PRODUCT_BUNDLE_IDENTIFIER = "Michelle.Que-DiceTests";
				PRODUCT_NAME = "$(TARGET_NAME)";
				SWIFT_VERSION = 5.0;
				TARGETED_DEVICE_FAMILY = "1,2";
				TEST_HOST = "$(BUILT_PRODUCTS_DIR)/Que Dice.app/Que Dice";
			};
			name = Release;
		};
/* End XCBuildConfiguration section */

/* Begin XCConfigurationList section */
		28353AA3236CAD640046EE62 /* Build configuration list for PBXProject "Que Dice" */ = {
			isa = XCConfigurationList;
			buildConfigurations = (
				28353AC5236CAD680046EE62 /* Debug */,
				28353AC6236CAD680046EE62 /* Release */,
			);
			defaultConfigurationIsVisible = 0;
			defaultConfigurationName = Release;
		};
		28353AC7236CAD680046EE62 /* Build configuration list for PBXNativeTarget "Que Dice" */ = {
			isa = XCConfigurationList;
			buildConfigurations = (
				28353AC8236CAD680046EE62 /* Debug */,
				28353AC9236CAD680046EE62 /* Release */,
			);
			defaultConfigurationIsVisible = 0;
			defaultConfigurationName = Release;
		};
		28353ACA236CAD680046EE62 /* Build configuration list for PBXNativeTarget "Que DiceTests" */ = {
			isa = XCConfigurationList;
			buildConfigurations = (
				28353ACB236CAD680046EE62 /* Debug */,
				28353ACC236CAD680046EE62 /* Release */,
			);
			defaultConfigurationIsVisible = 0;
			defaultConfigurationName = Release;
		};
/* End XCConfigurationList section */
	};
	rootObject = 28353AA0236CAD640046EE62 /* Project object */;
}
